
Microsoft Visual Studio Solution File, Format Version 12.00
# Visual Studio Version 16
VisualStudioVersion = 16.0.31515.178
MinimumVisualStudioVersion = 10.0.40219.1
Project("{9A19103F-16F7-4668-BE54-9A1E7A4F7556}") = "MultiblockSHA256", "MultiblockSHA256\MultiblockSHA256.csproj", "{201DB9AC-9469-494A-AFF1-B98EE9C4CAC9}"
EndProject
Global
	GlobalSection(SolutionConfigurationPlatforms) = preSolution
		Debug|Any CPU = Debug|Any CPU
		Release|Any CPU = Release|Any CPU
	EndGlobalSection
	GlobalSection(ProjectConfigurationPlatforms) = postSolution
		{201DB9AC-9469-494A-AFF1-B98EE9C4CAC9}.Debug|Any CPU.ActiveCfg = Debug|Any CPU
		{201DB9AC-9469-494A-AFF1-B98EE9C4CAC9}.Debug|Any CPU.Build.0 = Debug|Any CPU
		{201DB9AC-9469-494A-AFF1-B98EE9C4CAC9}.Release|Any CPU.ActiveCfg = Release|Any CPU
		{201DB9AC-9469-494A-AFF1-B98EE9C4CAC9}.Release|Any CPU.Build.0 = Release|Any CPU
	EndGlobalSection
	GlobalSection(SolutionProperties) = preSolution
		HideSolutionNode = FALSE
	EndGlobalSection
	GlobalSection(ExtensibilityGlobals) = postSolution
		SolutionGuid = {1BDB0231-0623-48B6-8BE3-75E173A70E0A}
	EndGlobalSection
EndGlobal
